
Microsoft Visual Studio Solution File, Format Version 12.00
# Visual Studio Version 17
VisualStudioVersion = 17.3.32825.248
MinimumVisualStudioVersion = 10.0.40219.1
Project("{FAE04EC0-301F-11D3-BF4B-00C04F79EFBC}") = "KundeApp", "KundeApp\KundeApp.csproj", "{BF9AA775-85B4-4A26-B0C1-91803295D72E}"
EndProject
Global
	GlobalSection(SolutionConfigurationPlatforms) = preSolution
		Debug|Any CPU = Debug|Any CPU
		Release|Any CPU = Release|Any CPU
	EndGlobalSection
	GlobalSection(ProjectConfigurationPlatforms) = postSolution
		{BF9AA775-85B4-4A26-B0C1-91803295D72E}.Debug|Any CPU.ActiveCfg = Debug|Any CPU
		{BF9AA775-85B4-4A26-B0C1-91803295D72E}.Debug|Any CPU.Build.0 = Debug|Any CPU
		{BF9AA775-85B4-4A26-B0C1-91803295D72E}.Release|Any CPU.ActiveCfg = Release|Any CPU
		{BF9AA775-85B4-4A26-B0C1-91803295D72E}.Release|Any CPU.Build.0 = Release|Any CPU
	EndGlobalSection
	GlobalSection(SolutionProperties) = preSolution
		HideSolutionNode = FALSE
	EndGlobalSection
	GlobalSection(ExtensibilityGlobals) = postSolution
		SolutionGuid = {99F8939E-4EE6-4990-BC3E-984BBBC02374}
	EndGlobalSection
EndGlobal
